// !$*UTF8*$!
{
	archiveVersion = 1;
	classes = {
	};
	objectVersion = 50;
	objects = {

/* Begin PBXBuildFile section */
		1096537D230AFB2600CB4685 /* AppDelegate.swift in Sources */ = {isa = PBXBuildFile; fileRef = 1096537C230AFB2600CB4685 /* AppDelegate.swift */; };
		1096537F230AFB2600CB4685 /* FirstViewController.swift in Sources */ = {isa = PBXBuildFile; fileRef = 1096537E230AFB2600CB4685 /* FirstViewController.swift */; };
		10965382230AFB2600CB4685 /* Main.storyboard in Resources */ = {isa = PBXBuildFile; fileRef = 10965380230AFB2600CB4685 /* Main.storyboard */; };
		10965384230AFB2700CB4685 /* Assets.xcassets in Resources */ = {isa = PBXBuildFile; fileRef = 10965383230AFB2700CB4685 /* Assets.xcassets */; };
		10965387230AFB2700CB4685 /* LaunchScreen.storyboard in Resources */ = {isa = PBXBuildFile; fileRef = 10965385230AFB2700CB4685 /* LaunchScreen.storyboard */; };
		858CA9A0230B00A9003BA207 /* Item.swift in Sources */ = {isa = PBXBuildFile; fileRef = 858CA99F230B00A9003BA207 /* Item.swift */; };
		858CA9A3230B01C6003BA207 /* Glasses.swift in Sources */ = {isa = PBXBuildFile; fileRef = 858CA9A2230B01C6003BA207 /* Glasses.swift */; };
		858CA9A5230B02C0003BA207 /* Dimension.swift in Sources */ = {isa = PBXBuildFile; fileRef = 858CA9A4230B02C0003BA207 /* Dimension.swift */; };
		858CA9A7230B0873003BA207 /* Address.swift in Sources */ = {isa = PBXBuildFile; fileRef = 858CA9A6230B0873003BA207 /* Address.swift */; };
		858CA9A9230B0A49003BA207 /* Store.swift in Sources */ = {isa = PBXBuildFile; fileRef = 858CA9A8230B0A49003BA207 /* Store.swift */; };
		858CA9AB230B0D10003BA207 /* Brand.swift in Sources */ = {isa = PBXBuildFile; fileRef = 858CA9AA230B0D10003BA207 /* Brand.swift */; };
/* End PBXBuildFile section */

/* Begin PBXFileReference section */
		10965379230AFB2600CB4685 /* Glasses Store.app */ = {isa = PBXFileReference; explicitFileType = wrapper.application; includeInIndex = 0; path = "Glasses Store.app"; sourceTree = BUILT_PRODUCTS_DIR; };
		1096537C230AFB2600CB4685 /* AppDelegate.swift */ = {isa = PBXFileReference; lastKnownFileType = sourcecode.swift; path = AppDelegate.swift; sourceTree = "<group>"; };
		1096537E230AFB2600CB4685 /* FirstViewController.swift */ = {isa = PBXFileReference; lastKnownFileType = sourcecode.swift; path = FirstViewController.swift; sourceTree = "<group>"; };
		10965381230AFB2600CB4685 /* Base */ = {isa = PBXFileReference; lastKnownFileType = file.storyboard; name = Base; path = Base.lproj/Main.storyboard; sourceTree = "<group>"; };
		10965383230AFB2700CB4685 /* Assets.xcassets */ = {isa = PBXFileReference; lastKnownFileType = folder.assetcatalog; path = Assets.xcassets; sourceTree = "<group>"; };
		10965386230AFB2700CB4685 /* Base */ = {isa = PBXFileReference; lastKnownFileType = file.storyboard; name = Base; path = Base.lproj/LaunchScreen.storyboard; sourceTree = "<group>"; };
		10965388230AFB2700CB4685 /* Info.plist */ = {isa = PBXFileReference; lastKnownFileType = text.plist.xml; path = Info.plist; sourceTree = "<group>"; };
		858CA99F230B00A9003BA207 /* Item.swift */ = {isa = PBXFileReference; lastKnownFileType = sourcecode.swift; path = Item.swift; sourceTree = "<group>"; };
		858CA9A2230B01C6003BA207 /* Glasses.swift */ = {isa = PBXFileReference; lastKnownFileType = sourcecode.swift; path = Glasses.swift; sourceTree = "<group>"; };
		858CA9A4230B02C0003BA207 /* Dimension.swift */ = {isa = PBXFileReference; lastKnownFileType = sourcecode.swift; path = Dimension.swift; sourceTree = "<group>"; };
		858CA9A6230B0873003BA207 /* Address.swift */ = {isa = PBXFileReference; lastKnownFileType = sourcecode.swift; path = Address.swift; sourceTree = "<group>"; };
		858CA9A8230B0A49003BA207 /* Store.swift */ = {isa = PBXFileReference; lastKnownFileType = sourcecode.swift; path = Store.swift; sourceTree = "<group>"; };
		858CA9AA230B0D10003BA207 /* Brand.swift */ = {isa = PBXFileReference; lastKnownFileType = sourcecode.swift; path = Brand.swift; sourceTree = "<group>"; };
/* End PBXFileReference section */

/* Begin PBXFrameworksBuildPhase section */
		10965376230AFB2600CB4685 /* Frameworks */ = {
			isa = PBXFrameworksBuildPhase;
			buildActionMask = 2147483647;
			files = (
			);
			runOnlyForDeploymentPostprocessing = 0;
		};
/* End PBXFrameworksBuildPhase section */

/* Begin PBXGroup section */
		10965370230AFB2600CB4685 = {
			isa = PBXGroup;
			children = (
				1096537B230AFB2600CB4685 /* Glasses Store */,
				1096537A230AFB2600CB4685 /* Products */,
			);
			sourceTree = "<group>";
		};
		1096537A230AFB2600CB4685 /* Products */ = {
			isa = PBXGroup;
			children = (
				10965379230AFB2600CB4685 /* Glasses Store.app */,
			);
			name = Products;
			sourceTree = "<group>";
		};
		1096537B230AFB2600CB4685 /* Glasses Store */ = {
			isa = PBXGroup;
			children = (
				858CA9A1230B00C7003BA207 /* Extentions */,
				858CA99E230AFFC9003BA207 /* Control */,
				858CA99D230AFF98003BA207 /* View */,
				858CA99C230AFF6D003BA207 /* Model */,
				1096537C230AFB2600CB4685 /* AppDelegate.swift */,
				10965383230AFB2700CB4685 /* Assets.xcassets */,
				10965388230AFB2700CB4685 /* Info.plist */,
			);
			path = "Glasses Store";
			sourceTree = "<group>";
		};
		858CA99C230AFF6D003BA207 /* Model */ = {
			isa = PBXGroup;
			children = (
				858CA99F230B00A9003BA207 /* Item.swift */,
				858CA9A2230B01C6003BA207 /* Glasses.swift */,
				858CA9A4230B02C0003BA207 /* Dimension.swift */,
				858CA9A6230B0873003BA207 /* Address.swift */,
				858CA9A8230B0A49003BA207 /* Store.swift */,
				858CA9AA230B0D10003BA207 /* Brand.swift */,
			);
			path = Model;
			sourceTree = "<group>";
		};
		858CA99D230AFF98003BA207 /* View */ = {
			isa = PBXGroup;
			children = (
				10965380230AFB2600CB4685 /* Main.storyboard */,
				10965385230AFB2700CB4685 /* LaunchScreen.storyboard */,
			);
			path = View;
			sourceTree = "<group>";
		};
		858CA99E230AFFC9003BA207 /* Control */ = {
			isa = PBXGroup;
			children = (
				1096537E230AFB2600CB4685 /* FirstViewController.swift */,
			);
			path = Control;
			sourceTree = "<group>";
		};
		858CA9A1230B00C7003BA207 /* Extentions */ = {
			isa = PBXGroup;
			children = (
			);
			path = Extentions;
			sourceTree = "<group>";
		};
/* End PBXGroup section */

/* Begin PBXNativeTarget section */
		10965378230AFB2600CB4685 /* Glasses Store */ = {
			isa = PBXNativeTarget;
			buildConfigurationList = 1096538B230AFB2700CB4685 /* Build configuration list for PBXNativeTarget "Glasses Store" */;
			buildPhases = (
				10965375230AFB2600CB4685 /* Sources */,
				10965376230AFB2600CB4685 /* Frameworks */,
				10965377230AFB2600CB4685 /* Resources */,
			);
			buildRules = (
			);
			dependencies = (
			);
			name = "Glasses Store";
			productName = "Glasses Store";
			productReference = 10965379230AFB2600CB4685 /* Glasses Store.app */;
			productType = "com.apple.product-type.application";
		};
/* End PBXNativeTarget section */

/* Begin PBXProject section */
		10965371230AFB2600CB4685 /* Project object */ = {
			isa = PBXProject;
			attributes = {
				LastSwiftUpdateCheck = 1030;
				LastUpgradeCheck = 1030;
				ORGANIZATIONNAME = "Muhammad Ewaily";
				TargetAttributes = {
					10965378230AFB2600CB4685 = {
						CreatedOnToolsVersion = 10.3;
					};
				};
			};
			buildConfigurationList = 10965374230AFB2600CB4685 /* Build configuration list for PBXProject "Glasses Store" */;
			compatibilityVersion = "Xcode 9.3";
			developmentRegion = en;
			hasScannedForEncodings = 0;
			knownRegions = (
				en,
				Base,
			);
			mainGroup = 10965370230AFB2600CB4685;
			productRefGroup = 1096537A230AFB2600CB4685 /* Products */;
			projectDirPath = "";
			projectRoot = "";
			targets = (
				10965378230AFB2600CB4685 /* Glasses Store */,
			);
		};
/* End PBXProject section */

/* Begin PBXResourcesBuildPhase section */
		10965377230AFB2600CB4685 /* Resources */ = {
			isa = PBXResourcesBuildPhase;
			buildActionMask = 2147483647;
			files = (
				10965387230AFB2700CB4685 /* LaunchScreen.storyboard in Resources */,
				10965384230AFB2700CB4685 /* Assets.xcassets in Resources */,
				10965382230AFB2600CB4685 /* Main.storyboard in Resources */,
			);
			runOnlyForDeploymentPostprocessing = 0;
		};
/* End PBXResourcesBuildPhase section */

/* Begin PBXSourcesBuildPhase section */
		10965375230AFB2600CB4685 /* Sources */ = {
			isa = PBXSourcesBuildPhase;
			buildActionMask = 2147483647;
			files = (
				858CA9A9230B0A49003BA207 /* Store.swift in Sources */,
				858CA9A7230B0873003BA207 /* Address.swift in Sources */,
				1096537F230AFB2600CB4685 /* FirstViewController.swift in Sources */,
				858CA9A0230B00A9003BA207 /* Item.swift in Sources */,
				858CA9A3230B01C6003BA207 /* Glasses.swift in Sources */,
				858CA9AB230B0D10003BA207 /* Brand.swift in Sources */,
				858CA9A5230B02C0003BA207 /* Dimension.swift in Sources */,
				1096537D230AFB2600CB4685 /* AppDelegate.swift in Sources */,
			);
			runOnlyForDeploymentPostprocessing = 0;
		};
/* End PBXSourcesBuildPhase section */

/* Begin PBXVariantGroup section */
		10965380230AFB2600CB4685 /* Main.storyboard */ = {
			isa = PBXVariantGroup;
			children = (
				10965381230AFB2600CB4685 /* Base */,
			);
			name = Main.storyboard;
			sourceTree = "<group>";
		};
		10965385230AFB2700CB4685 /* LaunchScreen.storyboard */ = {
			isa = PBXVariantGroup;
			children = (
				10965386230AFB2700CB4685 /* Base */,
			);
			name = LaunchScreen.storyboard;
			sourceTree = "<group>";
		};
/* End PBXVariantGroup section */

/* Begin XCBuildConfiguration section */
		10965389230AFB2700CB4685 /* Debug */ = {
			isa = XCBuildConfiguration;
			buildSettings = {
				ALWAYS_SEARCH_USER_PATHS = NO;
				CLANG_ANALYZER_NONNULL = YES;
				CLANG_ANALYZER_NUMBER_OBJECT_CONVERSION = YES_AGGRESSIVE;
				CLANG_CXX_LANGUAGE_STANDARD = "gnu++14";
				CLANG_CXX_LIBRARY = "libc++";
				CLANG_ENABLE_MODULES = YES;
				CLANG_ENABLE_OBJC_ARC = YES;
				CLANG_ENABLE_OBJC_WEAK = YES;
				CLANG_WARN_BLOCK_CAPTURE_AUTORELEASING = YES;
				CLANG_WARN_BOOL_CONVERSION = YES;
				CLANG_WARN_COMMA = YES;
				CLANG_WARN_CONSTANT_CONVERSION = YES;
				CLANG_WARN_DEPRECATED_OBJC_IMPLEMENTATIONS = YES;
				CLANG_WARN_DIRECT_OBJC_ISA_USAGE = YES_ERROR;
				CLANG_WARN_DOCUMENTATION_COMMENTS = YES;
				CLANG_WARN_EMPTY_BODY = YES;
				CLANG_WARN_ENUM_CONVERSION = YES;
				CLANG_WARN_INFINITE_RECURSION = YES;
				CLANG_WARN_INT_CONVERSION = YES;
				CLANG_WARN_NON_LITERAL_NULL_CONVERSION = YES;
				CLANG_WARN_OBJC_IMPLICIT_RETAIN_SELF = YES;
				CLANG_WARN_OBJC_LITERAL_CONVERSION = YES;
				CLANG_WARN_OBJC_ROOT_CLASS = YES_ERROR;
				CLANG_WARN_RANGE_LOOP_ANALYSIS = YES;
				CLANG_WARN_STRICT_PROTOTYPES = YES;
				CLANG_WARN_SUSPICIOUS_MOVE = YES;
				CLANG_WARN_UNGUARDED_AVAILABILITY = YES_AGGRESSIVE;
				CLANG_WARN_UNREACHABLE_CODE = YES;
				CLANG_WARN__DUPLICATE_METHOD_MATCH = YES;
				CODE_SIGN_IDENTITY = "iPhone Developer";
				COPY_PHASE_STRIP = NO;
				DEBUG_INFORMATION_FORMAT = dwarf;
				ENABLE_STRICT_OBJC_MSGSEND = YES;
				ENABLE_TESTABILITY = YES;
				GCC_C_LANGUAGE_STANDARD = gnu11;
				GCC_DYNAMIC_NO_PIC = NO;
				GCC_NO_COMMON_BLOCKS = YES;
				GCC_OPTIMIZATION_LEVEL = 0;
				GCC_PREPROCESSOR_DEFINITIONS = (
					"DEBUG=1",
					"$(inherited)",
				);
				GCC_WARN_64_TO_32_BIT_CONVERSION = YES;
				GCC_WARN_ABOUT_RETURN_TYPE = YES_ERROR;
				GCC_WARN_UNDECLARED_SELECTOR = YES;
				GCC_WARN_UNINITIALIZED_AUTOS = YES_AGGRESSIVE;
				GCC_WARN_UNUSED_FUNCTION = YES;
				GCC_WARN_UNUSED_VARIABLE = YES;
				IPHONEOS_DEPLOYMENT_TARGET = 12.4;
				MTL_ENABLE_DEBUG_INFO = INCLUDE_SOURCE;
				MTL_FAST_MATH = YES;
				ONLY_ACTIVE_ARCH = YES;
				SDKROOT = iphoneos;
				SWIFT_ACTIVE_COMPILATION_CONDITIONS = DEBUG;
				SWIFT_OPTIMIZATION_LEVEL = "-Onone";
			};
			name = Debug;
		};
		1096538A230AFB2700CB4685 /* Release */ = {
			isa = XCBuildConfiguration;
			buildSettings = {
				ALWAYS_SEARCH_USER_PATHS = NO;
				CLANG_ANALYZER_NONNULL = YES;
				CLANG_ANALYZER_NUMBER_OBJECT_CONVERSION = YES_AGGRESSIVE;
				CLANG_CXX_LANGUAGE_STANDARD = "gnu++14";
				CLANG_CXX_LIBRARY = "libc++";
				CLANG_ENABLE_MODULES = YES;
				CLANG_ENABLE_OBJC_ARC = YES;
				CLANG_ENABLE_OBJC_WEAK = YES;
				CLANG_WARN_BLOCK_CAPTURE_AUTORELEASING = YES;
				CLANG_WARN_BOOL_CONVERSION = YES;
				CLANG_WARN_COMMA = YES;
				CLANG_WARN_CONSTANT_CONVERSION = YES;
				CLANG_WARN_DEPRECATED_OBJC_IMPLEMENTATIONS = YES;
				CLANG_WARN_DIRECT_OBJC_ISA_USAGE = YES_ERROR;
				CLANG_WARN_DOCUMENTATION_COMMENTS = YES;
				CLANG_WARN_EMPTY_BODY = YES;
				CLANG_WARN_ENUM_CONVERSION = YES;
				CLANG_WARN_INFINITE_RECURSION = YES;
				CLANG_WARN_INT_CONVERSION = YES;
				CLANG_WARN_NON_LITERAL_NULL_CONVERSION = YES;
				CLANG_WARN_OBJC_IMPLICIT_RETAIN_SELF = YES;
				CLANG_WARN_OBJC_LITERAL_CONVERSION = YES;
				CLANG_WARN_OBJC_ROOT_CLASS = YES_ERROR;
				CLANG_WARN_RANGE_LOOP_ANALYSIS = YES;
				CLANG_WARN_STRICT_PROTOTYPES = YES;
				CLANG_WARN_SUSPICIOUS_MOVE = YES;
				CLANG_WARN_UNGUARDED_AVAILABILITY = YES_AGGRESSIVE;
				CLANG_WARN_UNREACHABLE_CODE = YES;
				CLANG_WARN__DUPLICATE_METHOD_MATCH = YES;
				CODE_SIGN_IDENTITY = "iPhone Developer";
				COPY_PHASE_STRIP = NO;
				DEBUG_INFORMATION_FORMAT = "dwarf-with-dsym";
				ENABLE_NS_ASSERTIONS = NO;
				ENABLE_STRICT_OBJC_MSGSEND = YES;
				GCC_C_LANGUAGE_STANDARD = gnu11;
				GCC_NO_COMMON_BLOCKS = YES;
				GCC_WARN_64_TO_32_BIT_CONVERSION = YES;
				GCC_WARN_ABOUT_RETURN_TYPE = YES_ERROR;
				GCC_WARN_UNDECLARED_SELECTOR = YES;
				GCC_WARN_UNINITIALIZED_AUTOS = YES_AGGRESSIVE;
				GCC_WARN_UNUSED_FUNCTION = YES;
				GCC_WARN_UNUSED_VARIABLE = YES;
				IPHONEOS_DEPLOYMENT_TARGET = 12.4;
				MTL_ENABLE_DEBUG_INFO = NO;
				MTL_FAST_MATH = YES;
				SDKROOT = iphoneos;
				SWIFT_COMPILATION_MODE = wholemodule;
				SWIFT_OPTIMIZATION_LEVEL = "-O";
				VALIDATE_PRODUCT = YES;
			};
			name = Release;
		};
		1096538C230AFB2700CB4685 /* Debug */ = {
			isa = XCBuildConfiguration;
			buildSettings = {
				ASSETCATALOG_COMPILER_APPICON_NAME = AppIcon;
				CODE_SIGN_IDENTITY = "iPhone Developer";
				CODE_SIGN_STYLE = Automatic;
				DEVELOPMENT_TEAM = "";
				INFOPLIST_FILE = "Glasses Store/Info.plist";
				LD_RUNPATH_SEARCH_PATHS = (
					"$(inherited)",
					"@executable_path/Frameworks",
				);
				PRODUCT_BUNDLE_IDENTIFIER = "com.ewaily.Glasses-Store";
				PRODUCT_NAME = "$(TARGET_NAME)";
				PROVISIONING_PROFILE_SPECIFIER = "";
				SWIFT_VERSION = 5.0;
				TARGETED_DEVICE_FAMILY = 1;
			};
			name = Debug;
		};
		1096538D230AFB2700CB4685 /* Release */ = {
			isa = XCBuildConfiguration;
			buildSettings = {
				ASSETCATALOG_COMPILER_APPICON_NAME = AppIcon;
				CODE_SIGN_IDENTITY = "iPhone Developer";
				CODE_SIGN_STYLE = Automatic;
				DEVELOPMENT_TEAM = "";
				INFOPLIST_FILE = "Glasses Store/Info.plist";
				LD_RUNPATH_SEARCH_PATHS = (
					"$(inherited)",
					"@executable_path/Frameworks",
				);
				PRODUCT_BUNDLE_IDENTIFIER = "com.ewaily.Glasses-Store";
				PRODUCT_NAME = "$(TARGET_NAME)";
				PROVISIONING_PROFILE_SPECIFIER = "";
				SWIFT_VERSION = 5.0;
				TARGETED_DEVICE_FAMILY = 1;
			};
			name = Release;
		};
/* End XCBuildConfiguration section */

/* Begin XCConfigurationList section */
		10965374230AFB2600CB4685 /* Build configuration list for PBXProject "Glasses Store" */ = {
			isa = XCConfigurationList;
			buildConfigurations = (
				10965389230AFB2700CB4685 /* Debug */,
				1096538A230AFB2700CB4685 /* Release */,
			);
			defaultConfigurationIsVisible = 0;
			defaultConfigurationName = Release;
		};
		1096538B230AFB2700CB4685 /* Build configuration list for PBXNativeTarget "Glasses Store" */ = {
			isa = XCConfigurationList;
			buildConfigurations = (
				1096538C230AFB2700CB4685 /* Debug */,
				1096538D230AFB2700CB4685 /* Release */,
			);
			defaultConfigurationIsVisible = 0;
			defaultConfigurationName = Release;
		};
/* End XCConfigurationList section */
	};
	rootObject = 10965371230AFB2600CB4685 /* Project object */;
}
